// !$*UTF8*$!
{
	archiveVersion = 1;
	classes = {
	};
	objectVersion = 77;
	objects = {

/* Begin PBXBuildFile section */
		085CE538F88DB1BE590FF9E1 /* SettingsView.swift in Sources */ = {isa = PBXBuildFile; fileRef = 0C6006B64195BA7BEE44A142 /* SettingsView.swift */; };
		08AF257EA858C4ADC5CCE1B8 /* ChatView.swift in Sources */ = {isa = PBXBuildFile; fileRef = BABDAD50B9218431BBD5D0AD /* ChatView.swift */; };
		0E36E453E323AC26252EEA54 /* libLiteRtMetalAccelerator.xcframework in Embed Frameworks */ = {isa = PBXBuildFile; fileRef = F9C96CB8C4CD2914FD79F0AC /* libLiteRtMetalAccelerator.xcframework */; settings = {ATTRIBUTES = (CodeSignOnCopy, RemoveHeadersOnCopy, ); }; };
		100A0020852952CF87FE1246 /* ImageEditTools.swift in Sources */ = {isa = PBXBuildFile; fileRef = 0FADADA2AC8ABE44CAD962C8 /* ImageEditTools.swift */; };
		1BAEDE0FF320CE7D9620C7A0 /* PythonTools.swift in Sources */ = {isa = PBXBuildFile; fileRef = DF4421B40D4D7723A6080397 /* PythonTools.swift */; };
		2377A3B52FF093E730435A1C /* ApiModels.swift in Sources */ = {isa = PBXBuildFile; fileRef = 6A7817202873F60215D64492 /* ApiModels.swift */; };
		2655D9612602662244AD77E9 /* SettingsService.swift in Sources */ = {isa = PBXBuildFile; fileRef = 317AD08BD60E54967FB94A71 /* SettingsService.swift */; };
		2953CA140989E00E67E7E69D /* libLiteRtLm.xcframework in Frameworks */ = {isa = PBXBuildFile; fileRef = 7E42818491234BF49436D57E /* libLiteRtLm.xcframework */; };
		29893BDA19C01ABE2B57ECA7 /* EcoTheme.swift in Sources */ = {isa = PBXBuildFile; fileRef = 2B8182CC361FE092D2F8709D /* EcoTheme.swift */; };
		2A1C6826AC6E35910349AFAA /* libStreamProxy.xcframework in Embed Frameworks */ = {isa = PBXBuildFile; fileRef = 81C59C58E5D7AF904C6B2B41 /* libStreamProxy.xcframework */; settings = {ATTRIBUTES = (CodeSignOnCopy, RemoveHeadersOnCopy, ); }; };
		33DAF480D857839E6CAA6045 /* AIiOSApp.swift in Sources */ = {isa = PBXBuildFile; fileRef = 3B4277F3BF566C0EC2CA34F1 /* AIiOSApp.swift */; };
		3F74C00E1F8F12D12830EDBB /* libGemmaModelConstraintProvider.xcframework in Frameworks */ = {isa = PBXBuildFile; fileRef = 5E9CD06AFBE1150EE283F162 /* libGemmaModelConstraintProvider.xcframework */; };
		43FEDF55368F0B3667480B79 /* Python.xcframework in Frameworks */ = {isa = PBXBuildFile; fileRef = 00484D7D7A20D3FAC92E1567 /* Python.xcframework */; };
		4718B5169B2B8741B7010B70 /* Assets.xcassets in Resources */ = {isa = PBXBuildFile; fileRef = 82302E30D1D9900FA1613871 /* Assets.xcassets */; };
		4847408AAADA7756673A42D8 /* DebugLogger.swift in Sources */ = {isa = PBXBuildFile; fileRef = 6F590FB8D3531E83DE497E7D /* DebugLogger.swift */; };
		4D8E90EE2FE0A9EA00C8594A /* FirebaseAuth in Frameworks */ = {isa = PBXBuildFile; productRef = 4D8E90ED2FE0A9EA00C8594A /* FirebaseAuth */; };
		4D8E90F02FE0A9F900C8594A /* FirebaseFirestore in Frameworks */ = {isa = PBXBuildFile; productRef = 4D8E90EF2FE0A9F900C8594A /* FirebaseFirestore */; };
		4D8E90F22FE0AA0C00C8594A /* FirebaseStorage in Frameworks */ = {isa = PBXBuildFile; productRef = 4D8E90F12FE0AA0C00C8594A /* FirebaseStorage */; };
		64E3F7C8134673ACA7644190 /* EmbeddedPython.swift in Sources */ = {isa = PBXBuildFile; fileRef = 8844BE75CE9F7CEB7E8DD17F /* EmbeddedPython.swift */; };
		684F677333F44AAB60DE5903 /* LocationService.swift in Sources */ = {isa = PBXBuildFile; fileRef = 23521B3F2ED10C8615DAE214 /* LocationService.swift */; };
		6D42D6A98C3C923E74E8650E /* Python.xcframework in Embed Frameworks */ = {isa = PBXBuildFile; fileRef = 00484D7D7A20D3FAC92E1567 /* Python.xcframework */; settings = {ATTRIBUTES = (CodeSignOnCopy, RemoveHeadersOnCopy, ); }; };
		6E267DE7EC343852511F3601 /* libStreamProxy.xcframework in Frameworks */ = {isa = PBXBuildFile; fileRef = 81C59C58E5D7AF904C6B2B41 /* libStreamProxy.xcframework */; };
		6EA9DB2561604B41E8A015FF /* DownloadService.swift in Sources */ = {isa = PBXBuildFile; fileRef = F5757F96D605803F0D991C8D /* DownloadService.swift */; };
		73BA278EAF0D86EC2D80E4AE /* RootView.swift in Sources */ = {isa = PBXBuildFile; fileRef = ACFB2917A419EA15F57507C3 /* RootView.swift */; };
		76E26FB3203577D9FF59EBF9 /* ImageStore.swift in Sources */ = {isa = PBXBuildFile; fileRef = B95FC43E646AD692045D6B0F /* ImageStore.swift */; };
		7C247C21E439FD23B25561D0 /* AgentLoop.swift in Sources */ = {isa = PBXBuildFile; fileRef = ADC649D8C9041D42CFA1757A /* AgentLoop.swift */; };
		806D779F3909DB5956C4C43E /* ModelInfo.swift in Sources */ = {isa = PBXBuildFile; fileRef = 25BDB991EA36C2E40FEEFAC0 /* ModelInfo.swift */; };
		8502C1F818D11ED52FED8EBC /* ToolDefinition.swift in Sources */ = {isa = PBXBuildFile; fileRef = AC4253C7FDDE8165B54B1AC7 /* ToolDefinition.swift */; };
		86227D373E99F448BEC1A26D /* ModelsView.swift in Sources */ = {isa = PBXBuildFile; fileRef = 0C0B88EDC625CA2DDCCD6E0D /* ModelsView.swift */; };
		86B71E28926B962999DA46A1 /* LiteRtLmEngine.swift in Sources */ = {isa = PBXBuildFile; fileRef = 8DDEC985502830F88444FB5F /* LiteRtLmEngine.swift */; };
		89412D66FF901050DAC9D27D /* PythonKit in Frameworks */ = {isa = PBXBuildFile; productRef = 99CA1464318F49AFE4822511 /* PythonKit */; };
		8C325EC104E33E1799071796 /* PythonGIL.swift in Sources */ = {isa = PBXBuildFile; fileRef = 55C40CB6CA27A90F0DD2CA2A /* PythonGIL.swift */; };
		9211667A5A5F918A5E9BFA6A /* TestView.swift in Sources */ = {isa = PBXBuildFile; fileRef = 2939FAA11821E3293733391A /* TestView.swift */; };
		9656C400CB7A39A58253A1D4 /* HardwareTools.swift in Sources */ = {isa = PBXBuildFile; fileRef = 7143B3527A6184E9D6833F63 /* HardwareTools.swift */; };
		9D96DE2A93A0E137824D4A68 /* PythonRunner.swift in Sources */ = {isa = PBXBuildFile; fileRef = 1F450324EDA0CD88E1982110 /* PythonRunner.swift */; };
		A5AB52E73D713C2E9075F2B4 /* ToolResult.swift in Sources */ = {isa = PBXBuildFile; fileRef = AC39CF38328F273C28DCECD0 /* ToolResult.swift */; };
		A93B2AFBB1007B0C4857C8DA /* libLiteRtLm.xcframework in Embed Frameworks */ = {isa = PBXBuildFile; fileRef = 7E42818491234BF49436D57E /* libLiteRtLm.xcframework */; settings = {ATTRIBUTES = (CodeSignOnCopy, RemoveHeadersOnCopy, ); }; };
		AFD97C1F00ABA0454B76B043 /* AppState.swift in Sources */ = {isa = PBXBuildFile; fileRef = 6A5C3A369A04C20CF3DA3BF8 /* AppState.swift */; };
		BB891A2300001111AABBCCDD /* GoogleService-Info.plist in Resources */ = {isa = PBXBuildFile; fileRef = CC891A2300001111AABBCCDD /* GoogleService-Info.plist */; };
		C76B26B888AD8FDB1CFA1ED0 /* libLiteRtMetalAccelerator.xcframework in Frameworks */ = {isa = PBXBuildFile; fileRef = F9C96CB8C4CD2914FD79F0AC /* libLiteRtMetalAccelerator.xcframework */; };
		DDCEBB06E9E03F2B3C1A9E33 /* InferenceService.swift in Sources */ = {isa = PBXBuildFile; fileRef = 2FB6ADFDFEC6994B5A0CD941 /* InferenceService.swift */; };
		DF530C2E8777598327F8FA90 /* PythonCommand.swift in Sources */ = {isa = PBXBuildFile; fileRef = CDD5FAF636339EAFE648372D /* PythonCommand.swift */; };
		EA663200CFB9C922C636B592 /* ChartTools.swift in Sources */ = {isa = PBXBuildFile; fileRef = C6352949B2B9DDDEDD4D897A /* ChartTools.swift */; };
		EA7F2EEBEDF990AE8CEF6E97 /* PhotoSaver.swift in Sources */ = {isa = PBXBuildFile; fileRef = AF1A2E1373D3FB835B02004B /* PhotoSaver.swift */; };
		EBA520D8558A635F24094287 /* libGemmaModelConstraintProvider.xcframework in Embed Frameworks */ = {isa = PBXBuildFile; fileRef = 5E9CD06AFBE1150EE283F162 /* libGemmaModelConstraintProvider.xcframework */; settings = {ATTRIBUTES = (CodeSignOnCopy, RemoveHeadersOnCopy, ); }; };
		F156A24AF12C27D2DA0D314F /* AstralTools.swift in Sources */ = {isa = PBXBuildFile; fileRef = B75AE0BAE9B9E03FD8C8113E /* AstralTools.swift */; };
		F38B25B916AB30E791F08022 /* MathTools.swift in Sources */ = {isa = PBXBuildFile; fileRef = 8C7FFBBADD4F233987049D14 /* MathTools.swift */; };
		FDB6F613C3ED4E6A85E6AFB9 /* QrCodeTools.swift in Sources */ = {isa = PBXBuildFile; fileRef = 0C7367025489435C90892709 /* QrCodeTools.swift */; };
		A2010000000000000000AA01 /* AuthService.swift in Sources */ = {isa = PBXBuildFile; fileRef = A1010000000000000000AA01 /* AuthService.swift */; };
		A2020000000000000000AA01 /* UserProfileService.swift in Sources */ = {isa = PBXBuildFile; fileRef = A1020000000000000000AA01 /* UserProfileService.swift */; };
		A2030000000000000000AA01 /* StorageService.swift in Sources */ = {isa = PBXBuildFile; fileRef = A1030000000000000000AA01 /* StorageService.swift */; };
		A2040000000000000000AA01 /* UsernameValidator.swift in Sources */ = {isa = PBXBuildFile; fileRef = A1040000000000000000AA01 /* UsernameValidator.swift */; };
		A2050000000000000000AA01 /* UserProfile.swift in Sources */ = {isa = PBXBuildFile; fileRef = A1050000000000000000AA01 /* UserProfile.swift */; };
		A2060000000000000000AA01 /* AuthGateView.swift in Sources */ = {isa = PBXBuildFile; fileRef = A1060000000000000000AA01 /* AuthGateView.swift */; };
		A2070000000000000000AA01 /* SignInView.swift in Sources */ = {isa = PBXBuildFile; fileRef = A1070000000000000000AA01 /* SignInView.swift */; };
		A2080000000000000000AA01 /* CreateAccountView.swift in Sources */ = {isa = PBXBuildFile; fileRef = A1080000000000000000AA01 /* CreateAccountView.swift */; };
		A2090000000000000000AA01 /* ForgotPasswordView.swift in Sources */ = {isa = PBXBuildFile; fileRef = A1090000000000000000AA01 /* ForgotPasswordView.swift */; };
		A2100000000000000000AA01 /* ProfileView.swift in Sources */ = {isa = PBXBuildFile; fileRef = A1100000000000000000AA01 /* ProfileView.swift */; };
		A2110000000000000000AA01 /* EditProfileView.swift in Sources */ = {isa = PBXBuildFile; fileRef = A1110000000000000000AA01 /* EditProfileView.swift */; };
		A2120000000000000000AA01 /* GeminiService.swift in Sources */ = {isa = PBXBuildFile; fileRef = A1120000000000000000AA01 /* GeminiService.swift */; };
		A2130000000000000000AA01 /* RouterModels.swift in Sources */ = {isa = PBXBuildFile; fileRef = A1130000000000000000AA01 /* RouterModels.swift */; };
		A2140000000000000000AA01 /* RuleEngine.swift in Sources */ = {isa = PBXBuildFile; fileRef = A1140000000000000000AA01 /* RuleEngine.swift */; };
		A2150000000000000000AA01 /* RouterFactExtractor.swift in Sources */ = {isa = PBXBuildFile; fileRef = A1150000000000000000AA01 /* RouterFactExtractor.swift */; };
		A2160000000000000000AA01 /* RouterService.swift in Sources */ = {isa = PBXBuildFile; fileRef = A1160000000000000000AA01 /* RouterService.swift */; };
		A2170000000000000000AA01 /* default_router_rules.json in Resources */ = {isa = PBXBuildFile; fileRef = A1170000000000000000AA01 /* default_router_rules.json */; };
/* End PBXBuildFile section */

/* Begin PBXCopyFilesBuildPhase section */
		2187E11F6CFD30A935B54744 /* Embed Frameworks */ = {
			isa = PBXCopyFilesBuildPhase;
			buildActionMask = 2147483647;
			dstPath = "";
			dstSubfolderSpec = 10;
			files = (
				A93B2AFBB1007B0C4857C8DA /* libLiteRtLm.xcframework in Embed Frameworks */,
				EBA520D8558A635F24094287 /* libGemmaModelConstraintProvider.xcframework in Embed Frameworks */,
				0E36E453E323AC26252EEA54 /* libLiteRtMetalAccelerator.xcframework in Embed Frameworks */,
				2A1C6826AC6E35910349AFAA /* libStreamProxy.xcframework in Embed Frameworks */,
				6D42D6A98C3C923E74E8650E /* Python.xcframework in Embed Frameworks */,
			);
			name = "Embed Frameworks";
			runOnlyForDeploymentPostprocessing = 0;
		};
/* End PBXCopyFilesBuildPhase section */

/* Begin PBXFileReference section */
		00484D7D7A20D3FAC92E1567 /* Python.xcframework */ = {isa = PBXFileReference; lastKnownFileType = wrapper.xcframework; path = Python.xcframework; sourceTree = "<group>"; };
		0C0B88EDC625CA2DDCCD6E0D /* ModelsView.swift */ = {isa = PBXFileReference; lastKnownFileType = sourcecode.swift; path = ModelsView.swift; sourceTree = "<group>"; };
		0C6006B64195BA7BEE44A142 /* SettingsView.swift */ = {isa = PBXFileReference; lastKnownFileType = sourcecode.swift; path = SettingsView.swift; sourceTree = "<group>"; };
		0C7367025489435C90892709 /* QrCodeTools.swift */ = {isa = PBXFileReference; lastKnownFileType = sourcecode.swift; path = QrCodeTools.swift; sourceTree = "<group>"; };
		A1010000000000000000AA01 /* AuthService.swift */ = {isa = PBXFileReference; lastKnownFileType = sourcecode.swift; path = AuthService.swift; sourceTree = "<group>"; };
		A1020000000000000000AA01 /* UserProfileService.swift */ = {isa = PBXFileReference; lastKnownFileType = sourcecode.swift; path = UserProfileService.swift; sourceTree = "<group>"; };
		A1030000000000000000AA01 /* StorageService.swift */ = {isa = PBXFileReference; lastKnownFileType = sourcecode.swift; path = StorageService.swift; sourceTree = "<group>"; };
		A1040000000000000000AA01 /* UsernameValidator.swift */ = {isa = PBXFileReference; lastKnownFileType = sourcecode.swift; path = UsernameValidator.swift; sourceTree = "<group>"; };
		A1050000000000000000AA01 /* UserProfile.swift */ = {isa = PBXFileReference; lastKnownFileType = sourcecode.swift; path = UserProfile.swift; sourceTree = "<group>"; };
		A1060000000000000000AA01 /* AuthGateView.swift */ = {isa = PBXFileReference; lastKnownFileType = sourcecode.swift; path = AuthGateView.swift; sourceTree = "<group>"; };
		A1070000000000000000AA01 /* SignInView.swift */ = {isa = PBXFileReference; lastKnownFileType = sourcecode.swift; path = SignInView.swift; sourceTree = "<group>"; };
		A1080000000000000000AA01 /* CreateAccountView.swift */ = {isa = PBXFileReference; lastKnownFileType = sourcecode.swift; path = CreateAccountView.swift; sourceTree = "<group>"; };
		A1090000000000000000AA01 /* ForgotPasswordView.swift */ = {isa = PBXFileReference; lastKnownFileType = sourcecode.swift; path = ForgotPasswordView.swift; sourceTree = "<group>"; };
		A1100000000000000000AA01 /* ProfileView.swift */ = {isa = PBXFileReference; lastKnownFileType = sourcecode.swift; path = ProfileView.swift; sourceTree = "<group>"; };
		A1110000000000000000AA01 /* EditProfileView.swift */ = {isa = PBXFileReference; lastKnownFileType = sourcecode.swift; path = EditProfileView.swift; sourceTree = "<group>"; };
		A1120000000000000000AA01 /* GeminiService.swift */ = {isa = PBXFileReference; lastKnownFileType = sourcecode.swift; path = GeminiService.swift; sourceTree = "<group>"; };
		A1130000000000000000AA01 /* RouterModels.swift */ = {isa = PBXFileReference; lastKnownFileType = sourcecode.swift; path = RouterModels.swift; sourceTree = "<group>"; };
		A1140000000000000000AA01 /* RuleEngine.swift */ = {isa = PBXFileReference; lastKnownFileType = sourcecode.swift; path = RuleEngine.swift; sourceTree = "<group>"; };
		A1150000000000000000AA01 /* RouterFactExtractor.swift */ = {isa = PBXFileReference; lastKnownFileType = sourcecode.swift; path = RouterFactExtractor.swift; sourceTree = "<group>"; };
		A1160000000000000000AA01 /* RouterService.swift */ = {isa = PBXFileReference; lastKnownFileType = sourcecode.swift; path = RouterService.swift; sourceTree = "<group>"; };
		A1170000000000000000AA01 /* default_router_rules.json */ = {isa = PBXFileReference; lastKnownFileType = text.json; path = default_router_rules.json; sourceTree = "<group>"; };
		0FADADA2AC8ABE44CAD962C8 /* ImageEditTools.swift */ = {isa = PBXFileReference; lastKnownFileType = sourcecode.swift; path = ImageEditTools.swift; sourceTree = "<group>"; };
		1F450324EDA0CD88E1982110 /* PythonRunner.swift */ = {isa = PBXFileReference; lastKnownFileType = sourcecode.swift; path = PythonRunner.swift; sourceTree = "<group>"; };
		23521B3F2ED10C8615DAE214 /* LocationService.swift */ = {isa = PBXFileReference; lastKnownFileType = sourcecode.swift; path = LocationService.swift; sourceTree = "<group>"; };
		25BDB991EA36C2E40FEEFAC0 /* ModelInfo.swift */ = {isa = PBXFileReference; lastKnownFileType = sourcecode.swift; path = ModelInfo.swift; sourceTree = "<group>"; };
		2939FAA11821E3293733391A /* TestView.swift */ = {isa = PBXFileReference; lastKnownFileType = sourcecode.swift; path = TestView.swift; sourceTree = "<group>"; };
		2B8182CC361FE092D2F8709D /* EcoTheme.swift */ = {isa = PBXFileReference; lastKnownFileType = sourcecode.swift; path = EcoTheme.swift; sourceTree = "<group>"; };
		2FB6ADFDFEC6994B5A0CD941 /* InferenceService.swift */ = {isa = PBXFileReference; lastKnownFileType = sourcecode.swift; path = InferenceService.swift; sourceTree = "<group>"; };
		317AD08BD60E54967FB94A71 /* SettingsService.swift */ = {isa = PBXFileReference; lastKnownFileType = sourcecode.swift; path = SettingsService.swift; sourceTree = "<group>"; };
		3B4277F3BF566C0EC2CA34F1 /* AIiOSApp.swift */ = {isa = PBXFileReference; lastKnownFileType = sourcecode.swift; path = AIiOSApp.swift; sourceTree = "<group>"; };
		50206C46F81F7553590E4A1A /* Local.xcconfig */ = {isa = PBXFileReference; lastKnownFileType = text.xcconfig; path = Local.xcconfig; sourceTree = "<group>"; };
		55C40CB6CA27A90F0DD2CA2A /* PythonGIL.swift */ = {isa = PBXFileReference; lastKnownFileType = sourcecode.swift; path = PythonGIL.swift; sourceTree = "<group>"; };
		58A8051299A89A6166861451 /* Info.plist */ = {isa = PBXFileReference; lastKnownFileType = text.plist; path = Info.plist; sourceTree = "<group>"; };
		5E9CD06AFBE1150EE283F162 /* libGemmaModelConstraintProvider.xcframework */ = {isa = PBXFileReference; lastKnownFileType = wrapper.xcframework; name = libGemmaModelConstraintProvider.xcframework; path = Frameworks/libGemmaModelConstraintProvider.xcframework; sourceTree = "<group>"; };
		61117BA860445AD9A8B29DAE /* LiteRtLm-Bridging-Header.h */ = {isa = PBXFileReference; lastKnownFileType = sourcecode.c.h; path = "LiteRtLm-Bridging-Header.h"; sourceTree = "<group>"; };
		6A5C3A369A04C20CF3DA3BF8 /* AppState.swift */ = {isa = PBXFileReference; lastKnownFileType = sourcecode.swift; path = AppState.swift; sourceTree = "<group>"; };
		6A7817202873F60215D64492 /* ApiModels.swift */ = {isa = PBXFileReference; lastKnownFileType = sourcecode.swift; path = ApiModels.swift; sourceTree = "<group>"; };
		6F590FB8D3531E83DE497E7D /* DebugLogger.swift */ = {isa = PBXFileReference; lastKnownFileType = sourcecode.swift; path = DebugLogger.swift; sourceTree = "<group>"; };
		7143B3527A6184E9D6833F63 /* HardwareTools.swift */ = {isa = PBXFileReference; lastKnownFileType = sourcecode.swift; path = HardwareTools.swift; sourceTree = "<group>"; };
		7E42818491234BF49436D57E /* libLiteRtLm.xcframework */ = {isa = PBXFileReference; lastKnownFileType = wrapper.xcframework; name = libLiteRtLm.xcframework; path = Frameworks/libLiteRtLm.xcframework; sourceTree = "<group>"; };
		81C59C58E5D7AF904C6B2B41 /* libStreamProxy.xcframework */ = {isa = PBXFileReference; lastKnownFileType = wrapper.xcframework; name = libStreamProxy.xcframework; path = Frameworks/libStreamProxy.xcframework; sourceTree = "<group>"; };
		82302E30D1D9900FA1613871 /* Assets.xcassets */ = {isa = PBXFileReference; lastKnownFileType = folder.assetcatalog; path = Assets.xcassets; sourceTree = "<group>"; };
		8844BE75CE9F7CEB7E8DD17F /* EmbeddedPython.swift */ = {isa = PBXFileReference; lastKnownFileType = sourcecode.swift; path = EmbeddedPython.swift; sourceTree = "<group>"; };
		8C7FFBBADD4F233987049D14 /* MathTools.swift */ = {isa = PBXFileReference; lastKnownFileType = sourcecode.swift; path = MathTools.swift; sourceTree = "<group>"; };
		8DDEC985502830F88444FB5F /* LiteRtLmEngine.swift */ = {isa = PBXFileReference; lastKnownFileType = sourcecode.swift; path = LiteRtLmEngine.swift; sourceTree = "<group>"; };
		AC39CF38328F273C28DCECD0 /* ToolResult.swift */ = {isa = PBXFileReference; lastKnownFileType = sourcecode.swift; path = ToolResult.swift; sourceTree = "<group>"; };
		AC4253C7FDDE8165B54B1AC7 /* ToolDefinition.swift */ = {isa = PBXFileReference; lastKnownFileType = sourcecode.swift; path = ToolDefinition.swift; sourceTree = "<group>"; };
		ACFB2917A419EA15F57507C3 /* RootView.swift */ = {isa = PBXFileReference; lastKnownFileType = sourcecode.swift; path = RootView.swift; sourceTree = "<group>"; };
		ADC649D8C9041D42CFA1757A /* AgentLoop.swift */ = {isa = PBXFileReference; lastKnownFileType = sourcecode.swift; path = AgentLoop.swift; sourceTree = "<group>"; };
		AF1A2E1373D3FB835B02004B /* PhotoSaver.swift */ = {isa = PBXFileReference; lastKnownFileType = sourcecode.swift; path = PhotoSaver.swift; sourceTree = "<group>"; };
		B75AE0BAE9B9E03FD8C8113E /* AstralTools.swift */ = {isa = PBXFileReference; lastKnownFileType = sourcecode.swift; path = AstralTools.swift; sourceTree = "<group>"; };
		B95FC43E646AD692045D6B0F /* ImageStore.swift */ = {isa = PBXFileReference; lastKnownFileType = sourcecode.swift; path = ImageStore.swift; sourceTree = "<group>"; };
		BABDAD50B9218431BBD5D0AD /* ChatView.swift */ = {isa = PBXFileReference; lastKnownFileType = sourcecode.swift; path = ChatView.swift; sourceTree = "<group>"; };
		C6352949B2B9DDDEDD4D897A /* ChartTools.swift */ = {isa = PBXFileReference; lastKnownFileType = sourcecode.swift; path = ChartTools.swift; sourceTree = "<group>"; };
		CC891A2300001111AABBCCDD /* GoogleService-Info.plist */ = {isa = PBXFileReference; lastKnownFileType = text.plist.xml; path = "GoogleService-Info.plist"; sourceTree = "<group>"; };
		CDD5FAF636339EAFE648372D /* PythonCommand.swift */ = {isa = PBXFileReference; lastKnownFileType = sourcecode.swift; path = PythonCommand.swift; sourceTree = "<group>"; };
		DF4421B40D4D7723A6080397 /* PythonTools.swift */ = {isa = PBXFileReference; lastKnownFileType = sourcecode.swift; path = PythonTools.swift; sourceTree = "<group>"; };
		F5757F96D605803F0D991C8D /* DownloadService.swift */ = {isa = PBXFileReference; lastKnownFileType = sourcecode.swift; path = DownloadService.swift; sourceTree = "<group>"; };
		F8F30C2E93722C6645941BA9 /* EcoInference.app */ = {isa = PBXFileReference; explicitFileType = wrapper.application; includeInIndex = 0; path = EcoInference.app; sourceTree = BUILT_PRODUCTS_DIR; };
		F9C96CB8C4CD2914FD79F0AC /* libLiteRtMetalAccelerator.xcframework */ = {isa = PBXFileReference; lastKnownFileType = wrapper.xcframework; name = libLiteRtMetalAccelerator.xcframework; path = Frameworks/libLiteRtMetalAccelerator.xcframework; sourceTree = "<group>"; };
		FDA0060B41B5BC1A612164CF /* AIiOS.entitlements */ = {isa = PBXFileReference; lastKnownFileType = text.plist.entitlements; path = AIiOS.entitlements; sourceTree = "<group>"; };
/* End PBXFileReference section */

/* Begin PBXFrameworksBuildPhase section */
		B6AEE698C482A3765D32FB10 /* Frameworks */ = {
			isa = PBXFrameworksBuildPhase;
			buildActionMask = 2147483647;
			files = (
				2953CA140989E00E67E7E69D /* libLiteRtLm.xcframework in Frameworks */,
				3F74C00E1F8F12D12830EDBB /* libGemmaModelConstraintProvider.xcframework in Frameworks */,
				4D8E90F22FE0AA0C00C8594A /* FirebaseStorage in Frameworks */,
				C76B26B888AD8FDB1CFA1ED0 /* libLiteRtMetalAccelerator.xcframework in Frameworks */,
				6E267DE7EC343852511F3601 /* libStreamProxy.xcframework in Frameworks */,
				43FEDF55368F0B3667480B79 /* Python.xcframework in Frameworks */,
				4D8E90F02FE0A9F900C8594A /* FirebaseFirestore in Frameworks */,
				4D8E90EE2FE0A9EA00C8594A /* FirebaseAuth in Frameworks */,
				89412D66FF901050DAC9D27D /* PythonKit in Frameworks */,
			);
			runOnlyForDeploymentPostprocessing = 0;
		};
/* End PBXFrameworksBuildPhase section */

/* Begin PBXGroup section */
		0AEC69AEB7C627DD26C9E0E1 /* Tools */ = {
			isa = PBXGroup;
			children = (
				B75AE0BAE9B9E03FD8C8113E /* AstralTools.swift */,
				C6352949B2B9DDDEDD4D897A /* ChartTools.swift */,
				7143B3527A6184E9D6833F63 /* HardwareTools.swift */,
				0FADADA2AC8ABE44CAD962C8 /* ImageEditTools.swift */,
				8C7FFBBADD4F233987049D14 /* MathTools.swift */,
				DF4421B40D4D7723A6080397 /* PythonTools.swift */,
				0C7367025489435C90892709 /* QrCodeTools.swift */,
				AC39CF38328F273C28DCECD0 /* ToolResult.swift */,
			);
			path = Tools;
			sourceTree = "<group>";
		};
		202D7DB7AC6390FA0AB48BD5 /* AIiOS */ = {
			isa = PBXGroup;
			children = (
				FDA0060B41B5BC1A612164CF /* AIiOS.entitlements */,
				3B4277F3BF566C0EC2CA34F1 /* AIiOSApp.swift */,
				6A5C3A369A04C20CF3DA3BF8 /* AppState.swift */,
				82302E30D1D9900FA1613871 /* Assets.xcassets */,
				BABDAD50B9218431BBD5D0AD /* ChatView.swift */,
				2B8182CC361FE092D2F8709D /* EcoTheme.swift */,
				58A8051299A89A6166861451 /* Info.plist */,
				CC891A2300001111AABBCCDD /* GoogleService-Info.plist */,
				A1170000000000000000AA01 /* default_router_rules.json */,
				61117BA860445AD9A8B29DAE /* LiteRtLm-Bridging-Header.h */,
				0C0B88EDC625CA2DDCCD6E0D /* ModelsView.swift */,
				ACFB2917A419EA15F57507C3 /* RootView.swift */,
				0C6006B64195BA7BEE44A142 /* SettingsView.swift */,
				2939FAA11821E3293733391A /* TestView.swift */,
				A1060000000000000000AA01 /* AuthGateView.swift */,
				A1070000000000000000AA01 /* SignInView.swift */,
				A1080000000000000000AA01 /* CreateAccountView.swift */,
				A1090000000000000000AA01 /* ForgotPasswordView.swift */,
				A1100000000000000000AA01 /* ProfileView.swift */,
				A1110000000000000000AA01 /* EditProfileView.swift */,
				7D459ADB81CE7883AF943388 /* Inference */,
				6EF6B9015A1BB4870277F334 /* Models */,
				6B5F45C348400A26EBD4B47D /* Services */,
				0AEC69AEB7C627DD26C9E0E1 /* Tools */,
			);
			path = AIiOS;
			sourceTree = "<group>";
		};
		50137F35D91D6E722D6FC3A5 /* AIiOS */ = {
			isa = PBXGroup;
			children = (
				50206C46F81F7553590E4A1A /* Local.xcconfig */,
			);
			name = AIiOS;
			path = .;
			sourceTree = "<group>";
		};
		519339993754C1F257EC9139 /* Products */ = {
			isa = PBXGroup;
			children = (
				F8F30C2E93722C6645941BA9 /* EcoInference.app */,
			);
			name = Products;
			sourceTree = "<group>";
		};
		6B5F45C348400A26EBD4B47D /* Services */ = {
			isa = PBXGroup;
			children = (
				6F590FB8D3531E83DE497E7D /* DebugLogger.swift */,
				F5757F96D605803F0D991C8D /* DownloadService.swift */,
				8844BE75CE9F7CEB7E8DD17F /* EmbeddedPython.swift */,
				B95FC43E646AD692045D6B0F /* ImageStore.swift */,
				2FB6ADFDFEC6994B5A0CD941 /* InferenceService.swift */,
				23521B3F2ED10C8615DAE214 /* LocationService.swift */,
				AF1A2E1373D3FB835B02004B /* PhotoSaver.swift */,
				CDD5FAF636339EAFE648372D /* PythonCommand.swift */,
				55C40CB6CA27A90F0DD2CA2A /* PythonGIL.swift */,
				1F450324EDA0CD88E1982110 /* PythonRunner.swift */,
				317AD08BD60E54967FB94A71 /* SettingsService.swift */,
				A1010000000000000000AA01 /* AuthService.swift */,
				A1020000000000000000AA01 /* UserProfileService.swift */,
				A1030000000000000000AA01 /* StorageService.swift */,
				A1040000000000000000AA01 /* UsernameValidator.swift */,
				A1120000000000000000AA01 /* GeminiService.swift */,
				A1140000000000000000AA01 /* RuleEngine.swift */,
				A1150000000000000000AA01 /* RouterFactExtractor.swift */,
				A1160000000000000000AA01 /* RouterService.swift */,
			);
			path = Services;
			sourceTree = "<group>";
		};
		6EF6B9015A1BB4870277F334 /* Models */ = {
			isa = PBXGroup;
			children = (
				6A7817202873F60215D64492 /* ApiModels.swift */,
				25BDB991EA36C2E40FEEFAC0 /* ModelInfo.swift */,
				A1050000000000000000AA01 /* UserProfile.swift */,
				A1130000000000000000AA01 /* RouterModels.swift */,
			);
			path = Models;
			sourceTree = "<group>";
		};
		7D459ADB81CE7883AF943388 /* Inference */ = {
			isa = PBXGroup;
			children = (
				ADC649D8C9041D42CFA1757A /* AgentLoop.swift */,
				8DDEC985502830F88444FB5F /* LiteRtLmEngine.swift */,
				AC4253C7FDDE8165B54B1AC7 /* ToolDefinition.swift */,
			);
			path = Inference;
			sourceTree = "<group>";
		};
		D43134CB4495D3C731AC267F /* Frameworks */ = {
			isa = PBXGroup;
			children = (
				5E9CD06AFBE1150EE283F162 /* libGemmaModelConstraintProvider.xcframework */,
				7E42818491234BF49436D57E /* libLiteRtLm.xcframework */,
				F9C96CB8C4CD2914FD79F0AC /* libLiteRtMetalAccelerator.xcframework */,
				81C59C58E5D7AF904C6B2B41 /* libStreamProxy.xcframework */,
				00484D7D7A20D3FAC92E1567 /* Python.xcframework */,
			);
			name = Frameworks;
			sourceTree = "<group>";
		};
		EFAB593B1CE2C02C3B4C05FA = {
			isa = PBXGroup;
			children = (
				202D7DB7AC6390FA0AB48BD5 /* AIiOS */,
				50137F35D91D6E722D6FC3A5 /* AIiOS */,
				D43134CB4495D3C731AC267F /* Frameworks */,
				519339993754C1F257EC9139 /* Products */,
			);
			sourceTree = "<group>";
		};
/* End PBXGroup section */

/* Begin PBXNativeTarget section */
		3B57DDEBD1296F4DD6772352 /* AIiOS */ = {
			isa = PBXNativeTarget;
			buildConfigurationList = CF6307830E5A377618D83269 /* Build configuration list for PBXNativeTarget "AIiOS" */;
			buildPhases = (
				E20358A581C5C6772F768BEF /* Install Python stdlib + convert .so → .framework */,
				3B4A4685481675B3C9F1535C /* Sources */,
				F236B3F0B3C75035512CFF07 /* Resources */,
				B6AEE698C482A3765D32FB10 /* Frameworks */,
				2187E11F6CFD30A935B54744 /* Embed Frameworks */,
			);
			buildRules = (
			);
			dependencies = (
			);
			name = AIiOS;
			packageProductDependencies = (
				99CA1464318F49AFE4822511 /* PythonKit */,
				4D8E90ED2FE0A9EA00C8594A /* FirebaseAuth */,
				4D8E90EF2FE0A9F900C8594A /* FirebaseFirestore */,
				4D8E90F12FE0AA0C00C8594A /* FirebaseStorage */,
			);
			productName = AIiOS;
			productReference = F8F30C2E93722C6645941BA9 /* EcoInference.app */;
			productType = "com.apple.product-type.application";
		};
/* End PBXNativeTarget section */

/* Begin PBXProject section */
		A426503E2376294FDAF6D6FA /* Project object */ = {
			isa = PBXProject;
			attributes = {
				BuildIndependentTargetsInParallel = YES;
				LastUpgradeCheck = 1600;
				TargetAttributes = {
					3B57DDEBD1296F4DD6772352 = {
						DevelopmentTeam = 65P94N4JDC;
						ProvisioningStyle = Automatic;
					};
				};
			};
			buildConfigurationList = 98457256D8125A1C875F8C23 /* Build configuration list for PBXProject "AIiOS" */;
			developmentRegion = en;
			hasScannedForEncodings = 0;
			knownRegions = (
				Base,
				en,
			);
			mainGroup = EFAB593B1CE2C02C3B4C05FA;
			minimizedProjectReferenceProxies = 1;
			packageReferences = (
				C39D802600DE8E29FF6479F6 /* XCRemoteSwiftPackageReference "PythonKit" */,
				4D8E90EC2FE0A8AC00C8594A /* XCRemoteSwiftPackageReference "firebase-ios-sdk" */,
			);
			preferredProjectObjectVersion = 77;
			productRefGroup = 519339993754C1F257EC9139 /* Products */;
			projectDirPath = "";
			projectRoot = "";
			targets = (
				3B57DDEBD1296F4DD6772352 /* AIiOS */,
			);
		};
/* End PBXProject section */

/* Begin PBXResourcesBuildPhase section */
		F236B3F0B3C75035512CFF07 /* Resources */ = {
			isa = PBXResourcesBuildPhase;
			buildActionMask = 2147483647;
			files = (
				4718B5169B2B8741B7010B70 /* Assets.xcassets in Resources */,
				BB891A2300001111AABBCCDD /* GoogleService-Info.plist in Resources */,
				A2170000000000000000AA01 /* default_router_rules.json in Resources */,
			);
			runOnlyForDeploymentPostprocessing = 0;
		};
/* End PBXResourcesBuildPhase section */

/* Begin PBXShellScriptBuildPhase section */
		E20358A581C5C6772F768BEF /* Install Python stdlib + convert .so → .framework */ = {
			isa = PBXShellScriptBuildPhase;
			alwaysOutOfDate = 1;
			buildActionMask = 2147483647;
			files = (
			);
			inputFileListPaths = (
			);
			inputPaths = (
			);
			name = "Install Python stdlib + convert .so → .framework";
			outputFileListPaths = (
			);
			outputPaths = (
			);
			runOnlyForDeploymentPostprocessing = 0;
			shellPath = /bin/sh;
			shellScript = "set -e\nsource \"${PROJECT_DIR}/Python.xcframework/build/utils.sh\"\n\n# Sync app code and packages into the bundle\nmkdir -p \"${CODESIGNING_FOLDER_PATH}/app_packages\"\nrsync -au --delete \"${PROJECT_DIR}/app_packages/\" \"${CODESIGNING_FOLDER_PATH}/app_packages/\"\nmkdir -p \"${CODESIGNING_FOLDER_PATH}/app\"\nrsync -au \"${PROJECT_DIR}/app/\" \"${CODESIGNING_FOLDER_PATH}/app/\"\n\n# Install stdlib and convert binary .so extensions → .framework\ninstall_python Python.xcframework app_packages\n";
		};
/* End PBXShellScriptBuildPhase section */

/* Begin PBXSourcesBuildPhase section */
		3B4A4685481675B3C9F1535C /* Sources */ = {
			isa = PBXSourcesBuildPhase;
			buildActionMask = 2147483647;
			files = (
				33DAF480D857839E6CAA6045 /* AIiOSApp.swift in Sources */,
				7C247C21E439FD23B25561D0 /* AgentLoop.swift in Sources */,
				2377A3B52FF093E730435A1C /* ApiModels.swift in Sources */,
				AFD97C1F00ABA0454B76B043 /* AppState.swift in Sources */,
				F156A24AF12C27D2DA0D314F /* AstralTools.swift in Sources */,
				EA663200CFB9C922C636B592 /* ChartTools.swift in Sources */,
				08AF257EA858C4ADC5CCE1B8 /* ChatView.swift in Sources */,
				4847408AAADA7756673A42D8 /* DebugLogger.swift in Sources */,
				6EA9DB2561604B41E8A015FF /* DownloadService.swift in Sources */,
				29893BDA19C01ABE2B57ECA7 /* EcoTheme.swift in Sources */,
				64E3F7C8134673ACA7644190 /* EmbeddedPython.swift in Sources */,
				9656C400CB7A39A58253A1D4 /* HardwareTools.swift in Sources */,
				100A0020852952CF87FE1246 /* ImageEditTools.swift in Sources */,
				76E26FB3203577D9FF59EBF9 /* ImageStore.swift in Sources */,
				DDCEBB06E9E03F2B3C1A9E33 /* InferenceService.swift in Sources */,
				86B71E28926B962999DA46A1 /* LiteRtLmEngine.swift in Sources */,
				684F677333F44AAB60DE5903 /* LocationService.swift in Sources */,
				F38B25B916AB30E791F08022 /* MathTools.swift in Sources */,
				806D779F3909DB5956C4C43E /* ModelInfo.swift in Sources */,
				86227D373E99F448BEC1A26D /* ModelsView.swift in Sources */,
				EA7F2EEBEDF990AE8CEF6E97 /* PhotoSaver.swift in Sources */,
				DF530C2E8777598327F8FA90 /* PythonCommand.swift in Sources */,
				8C325EC104E33E1799071796 /* PythonGIL.swift in Sources */,
				9D96DE2A93A0E137824D4A68 /* PythonRunner.swift in Sources */,
				1BAEDE0FF320CE7D9620C7A0 /* PythonTools.swift in Sources */,
				FDB6F613C3ED4E6A85E6AFB9 /* QrCodeTools.swift in Sources */,
				73BA278EAF0D86EC2D80E4AE /* RootView.swift in Sources */,
				A2010000000000000000AA01 /* AuthService.swift in Sources */,
				A2020000000000000000AA01 /* UserProfileService.swift in Sources */,
				A2030000000000000000AA01 /* StorageService.swift in Sources */,
				A2040000000000000000AA01 /* UsernameValidator.swift in Sources */,
				A2050000000000000000AA01 /* UserProfile.swift in Sources */,
				A2060000000000000000AA01 /* AuthGateView.swift in Sources */,
				A2070000000000000000AA01 /* SignInView.swift in Sources */,
				A2080000000000000000AA01 /* CreateAccountView.swift in Sources */,
				A2090000000000000000AA01 /* ForgotPasswordView.swift in Sources */,
				A2100000000000000000AA01 /* ProfileView.swift in Sources */,
				A2110000000000000000AA01 /* EditProfileView.swift in Sources */,
				A2120000000000000000AA01 /* GeminiService.swift in Sources */,
				A2130000000000000000AA01 /* RouterModels.swift in Sources */,
				A2140000000000000000AA01 /* RuleEngine.swift in Sources */,
				A2150000000000000000AA01 /* RouterFactExtractor.swift in Sources */,
				A2160000000000000000AA01 /* RouterService.swift in Sources */,
				2655D9612602662244AD77E9 /* SettingsService.swift in Sources */,
				085CE538F88DB1BE590FF9E1 /* SettingsView.swift in Sources */,
				9211667A5A5F918A5E9BFA6A /* TestView.swift in Sources */,
				8502C1F818D11ED52FED8EBC /* ToolDefinition.swift in Sources */,
				A5AB52E73D713C2E9075F2B4 /* ToolResult.swift in Sources */,
			);
			runOnlyForDeploymentPostprocessing = 0;
		};
/* End PBXSourcesBuildPhase section */

/* Begin XCBuildConfiguration section */
		0782DA190DEFFFE2DE228057 /* Release */ = {
			isa = XCBuildConfiguration;
			baseConfigurationReference = 50206C46F81F7553590E4A1A /* Local.xcconfig */;
			buildSettings = {
				ALWAYS_SEARCH_USER_PATHS = NO;
				CLANG_ANALYZER_NONNULL = YES;
				CLANG_ANALYZER_NUMBER_OBJECT_CONVERSION = YES_AGGRESSIVE;
				CLANG_CXX_LANGUAGE_STANDARD = "gnu++14";
				CLANG_CXX_LIBRARY = "libc++";
				CLANG_ENABLE_MODULES = YES;
				CLANG_ENABLE_OBJC_ARC = YES;
				CLANG_ENABLE_OBJC_WEAK = YES;
				CLANG_WARN_BLOCK_CAPTURE_AUTORELEASING = YES;
				CLANG_WARN_BOOL_CONVERSION = YES;
				CLANG_WARN_COMMA = YES;
				CLANG_WARN_CONSTANT_CONVERSION = YES;
				CLANG_WARN_DEPRECATED_OBJC_IMPLEMENTATIONS = YES;
				CLANG_WARN_DIRECT_OBJC_ISA_USAGE = YES_ERROR;
				CLANG_WARN_DOCUMENTATION_COMMENTS = YES;
				CLANG_WARN_EMPTY_BODY = YES;
				CLANG_WARN_ENUM_CONVERSION = YES;
				CLANG_WARN_INFINITE_RECURSION = YES;
				CLANG_WARN_INT_CONVERSION = YES;
				CLANG_WARN_NON_LITERAL_NULL_CONVERSION = YES;
				CLANG_WARN_OBJC_IMPLICIT_RETAIN_SELF = YES;
				CLANG_WARN_OBJC_LITERAL_CONVERSION = YES;
				CLANG_WARN_OBJC_ROOT_CLASS = YES_ERROR;
				CLANG_WARN_QUOTED_INCLUDE_IN_FRAMEWORK_HEADER = YES;
				CLANG_WARN_RANGE_LOOP_ANALYSIS = YES;
				CLANG_WARN_STRICT_PROTOTYPES = YES;
				CLANG_WARN_SUSPICIOUS_MOVE = YES;
				CLANG_WARN_UNGUARDED_AVAILABILITY = YES_AGGRESSIVE;
				CLANG_WARN_UNREACHABLE_CODE = YES;
				CLANG_WARN__DUPLICATE_METHOD_MATCH = YES;
				COPY_PHASE_STRIP = NO;
				DEBUG_INFORMATION_FORMAT = "dwarf-with-dsym";
				ENABLE_BITCODE = NO;
				ENABLE_NS_ASSERTIONS = NO;
				ENABLE_STRICT_OBJC_MSGSEND = YES;
				ENABLE_USER_SCRIPT_SANDBOXING = NO;
				GCC_C_LANGUAGE_STANDARD = gnu11;
				GCC_NO_COMMON_BLOCKS = YES;
				GCC_WARN_64_TO_32_BIT_CONVERSION = YES;
				GCC_WARN_ABOUT_RETURN_TYPE = YES_ERROR;
				GCC_WARN_UNDECLARED_SELECTOR = YES;
				GCC_WARN_UNINITIALIZED_AUTOS = YES_AGGRESSIVE;
				GCC_WARN_UNUSED_FUNCTION = YES;
				GCC_WARN_UNUSED_VARIABLE = YES;
				IPHONEOS_DEPLOYMENT_TARGET = 17.0;
				MTL_ENABLE_DEBUG_INFO = NO;
				MTL_FAST_MATH = YES;
				OTHER_LDFLAGS = (
					"-rpath",
					"@executable_path/Frameworks",
				);
				PRODUCT_NAME = "$(TARGET_NAME)";
				SDKROOT = iphoneos;
				SWIFT_COMPILATION_MODE = wholemodule;
				SWIFT_OBJC_BRIDGING_HEADER = "AIiOS/LiteRtLm-Bridging-Header.h";
				SWIFT_OPTIMIZATION_LEVEL = "-O";
				SWIFT_VERSION = 5.10;
			};
			name = Release;
		};
		0E327A228DAD8B441B9E13B1 /* Release */ = {
			isa = XCBuildConfiguration;
			buildSettings = {
				ASSETCATALOG_COMPILER_APPICON_NAME = AppIcon;
				CODE_SIGN_ENTITLEMENTS = AIiOS/AIiOS.entitlements;
				CODE_SIGN_IDENTITY = "iPhone Developer";
				CODE_SIGN_STYLE = Automatic;
				DEVELOPMENT_TEAM = 65P94N4JDC;
				FRAMEWORK_SEARCH_PATHS = (
					"$(inherited)",
					"\".\"",
					"\"Frameworks\"",
				);
				INFOPLIST_FILE = AIiOS/Info.plist;
				IPHONEOS_DEPLOYMENT_TARGET = 17.0;
				LD_RUNPATH_SEARCH_PATHS = (
					"$(inherited)",
					"@executable_path/Frameworks",
				);
				PRODUCT_BUNDLE_IDENTIFIER = ai.ecoinference.eiapp;
				PRODUCT_NAME = EcoInference;
				SDKROOT = iphoneos;
				TARGETED_DEVICE_FAMILY = "1,2";
			};
			name = Release;
		};
		2E178F743841009582434E6C /* Debug */ = {
			isa = XCBuildConfiguration;
			buildSettings = {
				ASSETCATALOG_COMPILER_APPICON_NAME = AppIcon;
				CODE_SIGN_ENTITLEMENTS = AIiOS/AIiOS.entitlements;
				CODE_SIGN_IDENTITY = "iPhone Developer";
				CODE_SIGN_STYLE = Automatic;
				DEVELOPMENT_TEAM = 65P94N4JDC;
				FRAMEWORK_SEARCH_PATHS = (
					"$(inherited)",
					"\".\"",
					"\"Frameworks\"",
				);
				INFOPLIST_FILE = AIiOS/Info.plist;
				IPHONEOS_DEPLOYMENT_TARGET = 17.0;
				LD_RUNPATH_SEARCH_PATHS = (
					"$(inherited)",
					"@executable_path/Frameworks",
				);
				PRODUCT_BUNDLE_IDENTIFIER = ai.ecoinference.eiapp;
				PRODUCT_NAME = EcoInference;
				SDKROOT = iphoneos;
				TARGETED_DEVICE_FAMILY = "1,2";
			};
			name = Debug;
		};
		E41CE5E2D8C2A9249D7C7CA7 /* Debug */ = {
			isa = XCBuildConfiguration;
			baseConfigurationReference = 50206C46F81F7553590E4A1A /* Local.xcconfig */;
			buildSettings = {
				ALWAYS_SEARCH_USER_PATHS = NO;
				CLANG_ANALYZER_NONNULL = YES;
				CLANG_ANALYZER_NUMBER_OBJECT_CONVERSION = YES_AGGRESSIVE;
				CLANG_CXX_LANGUAGE_STANDARD = "gnu++14";
				CLANG_CXX_LIBRARY = "libc++";
				CLANG_ENABLE_MODULES = YES;
				CLANG_ENABLE_OBJC_ARC = YES;
				CLANG_ENABLE_OBJC_WEAK = YES;
				CLANG_WARN_BLOCK_CAPTURE_AUTORELEASING = YES;
				CLANG_WARN_BOOL_CONVERSION = YES;
				CLANG_WARN_COMMA = YES;
				CLANG_WARN_CONSTANT_CONVERSION = YES;
				CLANG_WARN_DEPRECATED_OBJC_IMPLEMENTATIONS = YES;
				CLANG_WARN_DIRECT_OBJC_ISA_USAGE = YES_ERROR;
				CLANG_WARN_DOCUMENTATION_COMMENTS = YES;
				CLANG_WARN_EMPTY_BODY = YES;
				CLANG_WARN_ENUM_CONVERSION = YES;
				CLANG_WARN_INFINITE_RECURSION = YES;
				CLANG_WARN_INT_CONVERSION = YES;
				CLANG_WARN_NON_LITERAL_NULL_CONVERSION = YES;
				CLANG_WARN_OBJC_IMPLICIT_RETAIN_SELF = YES;
				CLANG_WARN_OBJC_LITERAL_CONVERSION = YES;
				CLANG_WARN_OBJC_ROOT_CLASS = YES_ERROR;
				CLANG_WARN_QUOTED_INCLUDE_IN_FRAMEWORK_HEADER = YES;
				CLANG_WARN_RANGE_LOOP_ANALYSIS = YES;
				CLANG_WARN_STRICT_PROTOTYPES = YES;
				CLANG_WARN_SUSPICIOUS_MOVE = YES;
				CLANG_WARN_UNGUARDED_AVAILABILITY = YES_AGGRESSIVE;
				CLANG_WARN_UNREACHABLE_CODE = YES;
				CLANG_WARN__DUPLICATE_METHOD_MATCH = YES;
				COPY_PHASE_STRIP = NO;
				DEBUG_INFORMATION_FORMAT = dwarf;
				ENABLE_BITCODE = NO;
				ENABLE_STRICT_OBJC_MSGSEND = YES;
				ENABLE_TESTABILITY = YES;
				ENABLE_USER_SCRIPT_SANDBOXING = NO;
				GCC_C_LANGUAGE_STANDARD = gnu11;
				GCC_DYNAMIC_NO_PIC = NO;
				GCC_NO_COMMON_BLOCKS = YES;
				GCC_OPTIMIZATION_LEVEL = 0;
				GCC_PREPROCESSOR_DEFINITIONS = (
					"$(inherited)",
					"DEBUG=1",
				);
				GCC_WARN_64_TO_32_BIT_CONVERSION = YES;
				GCC_WARN_ABOUT_RETURN_TYPE = YES_ERROR;
				GCC_WARN_UNDECLARED_SELECTOR = YES;
				GCC_WARN_UNINITIALIZED_AUTOS = YES_AGGRESSIVE;
				GCC_WARN_UNUSED_FUNCTION = YES;
				GCC_WARN_UNUSED_VARIABLE = YES;
				IPHONEOS_DEPLOYMENT_TARGET = 17.0;
				MTL_ENABLE_DEBUG_INFO = INCLUDE_SOURCE;
				MTL_FAST_MATH = YES;
				ONLY_ACTIVE_ARCH = YES;
				OTHER_LDFLAGS = (
					"-rpath",
					"@executable_path/Frameworks",
				);
				PRODUCT_NAME = "$(TARGET_NAME)";
				SDKROOT = iphoneos;
				SWIFT_ACTIVE_COMPILATION_CONDITIONS = DEBUG;
				SWIFT_OBJC_BRIDGING_HEADER = "AIiOS/LiteRtLm-Bridging-Header.h";
				SWIFT_OPTIMIZATION_LEVEL = "-Onone";
				SWIFT_VERSION = 5.10;
			};
			name = Debug;
		};
/* End XCBuildConfiguration section */

/* Begin XCConfigurationList section */
		98457256D8125A1C875F8C23 /* Build configuration list for PBXProject "AIiOS" */ = {
			isa = XCConfigurationList;
			buildConfigurations = (
				E41CE5E2D8C2A9249D7C7CA7 /* Debug */,
				0782DA190DEFFFE2DE228057 /* Release */,
			);
			defaultConfigurationIsVisible = 0;
			defaultConfigurationName = Debug;
		};
		CF6307830E5A377618D83269 /* Build configuration list for PBXNativeTarget "AIiOS" */ = {
			isa = XCConfigurationList;
			buildConfigurations = (
				2E178F743841009582434E6C /* Debug */,
				0E327A228DAD8B441B9E13B1 /* Release */,
			);
			defaultConfigurationIsVisible = 0;
			defaultConfigurationName = Debug;
		};
/* End XCConfigurationList section */

/* Begin XCRemoteSwiftPackageReference section */
		4D8E90EC2FE0A8AC00C8594A /* XCRemoteSwiftPackageReference "firebase-ios-sdk" */ = {
			isa = XCRemoteSwiftPackageReference;
			repositoryURL = "https://github.com/firebase/firebase-ios-sdk";
			requirement = {
				kind = upToNextMajorVersion;
				minimumVersion = 12.14.0;
			};
		};
		C39D802600DE8E29FF6479F6 /* XCRemoteSwiftPackageReference "PythonKit" */ = {
			isa = XCRemoteSwiftPackageReference;
			repositoryURL = "https://github.com/pvieito/PythonKit";
			requirement = {
				branch = master;
				kind = branch;
			};
		};
/* End XCRemoteSwiftPackageReference section */

/* Begin XCSwiftPackageProductDependency section */
		4D8E90ED2FE0A9EA00C8594A /* FirebaseAuth */ = {
			isa = XCSwiftPackageProductDependency;
			package = 4D8E90EC2FE0A8AC00C8594A /* XCRemoteSwiftPackageReference "firebase-ios-sdk" */;
			productName = FirebaseAuth;
		};
		4D8E90EF2FE0A9F900C8594A /* FirebaseFirestore */ = {
			isa = XCSwiftPackageProductDependency;
			package = 4D8E90EC2FE0A8AC00C8594A /* XCRemoteSwiftPackageReference "firebase-ios-sdk" */;
			productName = FirebaseFirestore;
		};
		4D8E90F12FE0AA0C00C8594A /* FirebaseStorage */ = {
			isa = XCSwiftPackageProductDependency;
			package = 4D8E90EC2FE0A8AC00C8594A /* XCRemoteSwiftPackageReference "firebase-ios-sdk" */;
			productName = FirebaseStorage;
		};
		99CA1464318F49AFE4822511 /* PythonKit */ = {
			isa = XCSwiftPackageProductDependency;
			package = C39D802600DE8E29FF6479F6 /* XCRemoteSwiftPackageReference "PythonKit" */;
			productName = PythonKit;
		};
/* End XCSwiftPackageProductDependency section */
	};
	rootObject = A426503E2376294FDAF6D6FA /* Project object */;
}
